// !$*UTF8*$!
{
	archiveVersion = 1;
	classes = {
	};
	objectVersion = 50;
	objects = {

/* Begin PBXBuildFile section */
		773BE25E26CDF64F00310F52 /* AppDelegate.m in Sources */ = {isa = PBXBuildFile; fileRef = 773BE25D26CDF64F00310F52 /* AppDelegate.m */; };
		773BE26126CDF64F00310F52 /* SceneDelegate.m in Sources */ = {isa = PBXBuildFile; fileRef = 773BE26026CDF64F00310F52 /* SceneDelegate.m */; };
		773BE26426CDF64F00310F52 /* ViewController.m in Sources */ = {isa = PBXBuildFile; fileRef = 773BE26326CDF64F00310F52 /* ViewController.m */; };
		773BE26726CDF64F00310F52 /* Main.storyboard in Resources */ = {isa = PBXBuildFile; fileRef = 773BE26526CDF64F00310F52 /* Main.storyboard */; };
		773BE26926CDF65200310F52 /* Assets.xcassets in Resources */ = {isa = PBXBuildFile; fileRef = 773BE26826CDF65200310F52 /* Assets.xcassets */; };
		773BE26C26CDF65200310F52 /* LaunchScreen.storyboard in Resources */ = {isa = PBXBuildFile; fileRef = 773BE26A26CDF65200310F52 /* LaunchScreen.storyboard */; };
		773BE26F26CDF65200310F52 /* main.m in Sources */ = {isa = PBXBuildFile; fileRef = 773BE26E26CDF65200310F52 /* main.m */; };
/* End PBXBuildFile section */

/* Begin PBXFileReference section */
		773BE25926CDF64F00310F52 /* MutableThread.app */ = {isa = PBXFileReference; explicitFileType = wrapper.application; includeInIndex = 0; path = MutableThread.app; sourceTree = BUILT_PRODUCTS_DIR; };
		773BE25C26CDF64F00310F52 /* AppDelegate.h */ = {isa = PBXFileReference; lastKnownFileType = sourcecode.c.h; path = AppDelegate.h; sourceTree = "<group>"; };
		773BE25D26CDF64F00310F52 /* AppDelegate.m */ = {isa = PBXFileReference; lastKnownFileType = sourcecode.c.objc; path = AppDelegate.m; sourceTree = "<group>"; };
		773BE25F26CDF64F00310F52 /* SceneDelegate.h */ = {isa = PBXFileReference; lastKnownFileType = sourcecode.c.h; path = SceneDelegate.h; sourceTree = "<group>"; };
		773BE26026CDF64F00310F52 /* SceneDelegate.m */ = {isa = PBXFileReference; lastKnownFileType = sourcecode.c.objc; path = SceneDelegate.m; sourceTree = "<group>"; };
		773BE26226CDF64F00310F52 /* ViewController.h */ = {isa = PBXFileReference; lastKnownFileType = sourcecode.c.h; path = ViewController.h; sourceTree = "<group>"; };
		773BE26326CDF64F00310F52 /* ViewController.m */ = {isa = PBXFileReference; lastKnownFileType = sourcecode.c.objc; path = ViewController.m; sourceTree = "<group>"; };
		773BE26626CDF64F00310F52 /* Base */ = {isa = PBXFileReference; lastKnownFileType = file.storyboard; name = Base; path = Base.lproj/Main.storyboard; sourceTree = "<group>"; };
		773BE26826CDF65200310F52 /* Assets.xcassets */ = {isa = PBXFileReference; lastKnownFileType = folder.assetcatalog; path = Assets.xcassets; sourceTree = "<group>"; };
		773BE26B26CDF65200310F52 /* Base */ = {isa = PBXFileReference; lastKnownFileType = file.storyboard; name = Base; path = Base.lproj/LaunchScreen.storyboard; sourceTree = "<group>"; };
		773BE26D26CDF65200310F52 /* Info.plist */ = {isa = PBXFileReference; lastKnownFileType = text.plist.xml; path = Info.plist; sourceTree = "<group>"; };
		773BE26E26CDF65200310F52 /* main.m */ = {isa = PBXFileReference; lastKnownFileType = sourcecode.c.objc; path = main.m; sourceTree = "<group>"; };
/* End PBXFileReference section */

/* Begin PBXFrameworksBuildPhase section */
		773BE25626CDF64F00310F52 /* Frameworks */ = {
			isa = PBXFrameworksBuildPhase;
			buildActionMask = 2147483647;
			files = (
			);
			runOnlyForDeploymentPostprocessing = 0;
		};
/* End PBXFrameworksBuildPhase section */

/* Begin PBXGroup section */
		773BE25026CDF64F00310F52 = {
			isa = PBXGroup;
			children = (
				773BE25B26CDF64F00310F52 /* MutableThread */,
				773BE25A26CDF64F00310F52 /* Products */,
			);
			sourceTree = "<group>";
		};
		773BE25A26CDF64F00310F52 /* Products */ = {
			isa = PBXGroup;
			children = (
				773BE25926CDF64F00310F52 /* MutableThread.app */,
			);
			name = Products;
			sourceTree = "<group>";
		};
		773BE25B26CDF64F00310F52 /* MutableThread */ = {
			isa = PBXGroup;
			children = (
				773BE25C26CDF64F00310F52 /* AppDelegate.h */,
				773BE25D26CDF64F00310F52 /* AppDelegate.m */,
				773BE25F26CDF64F00310F52 /* SceneDelegate.h */,
				773BE26026CDF64F00310F52 /* SceneDelegate.m */,
				773BE26226CDF64F00310F52 /* ViewController.h */,
				773BE26326CDF64F00310F52 /* ViewController.m */,
				773BE26526CDF64F00310F52 /* Main.storyboard */,
				773BE26826CDF65200310F52 /* Assets.xcassets */,
				773BE26A26CDF65200310F52 /* LaunchScreen.storyboard */,
				773BE26D26CDF65200310F52 /* Info.plist */,
				773BE26E26CDF65200310F52 /* main.m */,
			);
			path = MutableThread;
			sourceTree = "<group>";
		};
/* End PBXGroup section */

/* Begin PBXNativeTarget section */
		773BE25826CDF64F00310F52 /* MutableThread */ = {
			isa = PBXNativeTarget;
			buildConfigurationList = 773BE27226CDF65200310F52 /* Build configuration list for PBXNativeTarget "MutableThread" */;
			buildPhases = (
				773BE25526CDF64F00310F52 /* Sources */,
				773BE25626CDF64F00310F52 /* Frameworks */,
				773BE25726CDF64F00310F52 /* Resources */,
			);
			buildRules = (
			);
			dependencies = (
			);
			name = MutableThread;
			productName = MutableThread;
			productReference = 773BE25926CDF64F00310F52 /* MutableThread.app */;
			productType = "com.apple.product-type.application";
		};
/* End PBXNativeTarget section */

/* Begin PBXProject section */
		773BE25126CDF64F00310F52 /* Project object */ = {
			isa = PBXProject;
			attributes = {
				LastUpgradeCheck = 1250;
				TargetAttributes = {
					773BE25826CDF64F00310F52 = {
						CreatedOnToolsVersion = 12.5.1;
					};
				};
			};
			buildConfigurationList = 773BE25426CDF64F00310F52 /* Build configuration list for PBXProject "MutableThread" */;
			compatibilityVersion = "Xcode 9.3";
			developmentRegion = en;
			hasScannedForEncodings = 0;
			knownRegions = (
				en,
				Base,
			);
			mainGroup = 773BE25026CDF64F00310F52;
			productRefGroup = 773BE25A26CDF64F00310F52 /* Products */;
			projectDirPath = "";
			projectRoot = "";
			targets = (
				773BE25826CDF64F00310F52 /* MutableThread */,
			);
		};
/* End PBXProject section */

/* Begin PBXResourcesBuildPhase section */
		773BE25726CDF64F00310F52 /* Resources */ = {
			isa = PBXResourcesBuildPhase;
			buildActionMask = 2147483647;
			files = (
				773BE26C26CDF65200310F52 /* LaunchScreen.storyboard in Resources */,
				773BE26926CDF65200310F52 /* Assets.xcassets in Resources */,
				773BE26726CDF64F00310F52 /* Main.storyboard in Resources */,
			);
			runOnlyForDeploymentPostprocessing = 0;
		};
/* End PBXResourcesBuildPhase section */

/* Begin PBXSourcesBuildPhase section */
		773BE25526CDF64F00310F52 /* Sources */ = {
			isa = PBXSourcesBuildPhase;
			buildActionMask = 2147483647;
			files = (
				773BE26426CDF64F00310F52 /* ViewController.m in Sources */,
				773BE25E26CDF64F00310F52 /* AppDelegate.m in Sources */,
				773BE26F26CDF65200310F52 /* main.m in Sources */,
				773BE26126CDF64F00310F52 /* SceneDelegate.m in Sources */,
			);
			runOnlyForDeploymentPostprocessing = 0;
		};
/* End PBXSourcesBuildPhase section */

/* Begin PBXVariantGroup section */
		773BE26526CDF64F00310F52 /* Main.storyboard */ = {
			isa = PBXVariantGroup;
			children = (
				773BE26626CDF64F00310F52 /* Base */,
			);
			name = Main.storyboard;
			sourceTree = "<group>";
		};
		773BE26A26CDF65200310F52 /* LaunchScreen.storyboard */ = {
			isa = PBXVariantGroup;
			children = (
				773BE26B26CDF65200310F52 /* Base */,
			);
			name = LaunchScreen.storyboard;
			sourceTree = "<group>";
		};
/* End PBXVariantGroup section */

/* Begin XCBuildConfiguration section */
		773BE27026CDF65200310F52 /* Debug */ = {
			isa = XCBuildConfiguration;
			buildSettings = {
				ALWAYS_SEARCH_USER_PATHS = NO;
				CLANG_ANALYZER_NONNULL = YES;
				CLANG_ANALYZER_NUMBER_OBJECT_CONVERSION = YES_AGGRESSIVE;
				CLANG_CXX_LANGUAGE_STANDARD = "gnu++14";
				CLANG_CXX_LIBRARY = "libc++";
				CLANG_ENABLE_MODULES = YES;
				CLANG_ENABLE_OBJC_ARC = YES;
				CLANG_ENABLE_OBJC_WEAK = YES;
				CLANG_WARN_BLOCK_CAPTURE_AUTORELEASING = YES;
				CLANG_WARN_BOOL_CONVERSION = YES;
				CLANG_WARN_COMMA = YES;
				CLANG_WARN_CONSTANT_CONVERSION = YES;
				CLANG_WARN_DEPRECATED_OBJC_IMPLEMENTATIONS = YES;
				CLANG_WARN_DIRECT_OBJC_ISA_USAGE = YES_ERROR;
				CLANG_WARN_DOCUMENTATION_COMMENTS = YES;
				CLANG_WARN_EMPTY_BODY = YES;
				CLANG_WARN_ENUM_CONVERSION = YES;
				CLANG_WARN_INFINITE_RECURSION = YES;
				CLANG_WARN_INT_CONVERSION = YES;
				CLANG_WARN_NON_LITERAL_NULL_CONVERSION = YES;
				CLANG_WARN_OBJC_IMPLICIT_RETAIN_SELF = YES;
				CLANG_WARN_OBJC_LITERAL_CONVERSION = YES;
				CLANG_WARN_OBJC_ROOT_CLASS = YES_ERROR;
				CLANG_WARN_QUOTED_INCLUDE_IN_FRAMEWORK_HEADER = YES;
				CLANG_WARN_RANGE_LOOP_ANALYSIS = YES;
				CLANG_WARN_STRICT_PROTOTYPES = YES;
				CLANG_WARN_SUSPICIOUS_MOVE = YES;
				CLANG_WARN_UNGUARDED_AVAILABILITY = YES_AGGRESSIVE;
				CLANG_WARN_UNREACHABLE_CODE = YES;
				CLANG_WARN__DUPLICATE_METHOD_MATCH = YES;
				COPY_PHASE_STRIP = NO;
				DEBUG_INFORMATION_FORMAT = dwarf;
				ENABLE_STRICT_OBJC_MSGSEND = YES;
				ENABLE_TESTABILITY = YES;
				GCC_C_LANGUAGE_STANDARD = gnu11;
				GCC_DYNAMIC_NO_PIC = NO;
				GCC_NO_COMMON_BLOCKS = YES;
				GCC_OPTIMIZATION_LEVEL = 0;
				GCC_PREPROCESSOR_DEFINITIONS = (
					"DEBUG=1",
					"$(inherited)",
				);
				GCC_WARN_64_TO_32_BIT_CONVERSION = YES;
				GCC_WARN_ABOUT_RETURN_TYPE = YES_ERROR;
				GCC_WARN_UNDECLARED_SELECTOR = YES;
				GCC_WARN_UNINITIALIZED_AUTOS = YES_AGGRESSIVE;
				GCC_WARN_UNUSED_FUNCTION = YES;
				GCC_WARN_UNUSED_VARIABLE = YES;
				IPHONEOS_DEPLOYMENT_TARGET = 14.5;
				MTL_ENABLE_DEBUG_INFO = INCLUDE_SOURCE;
				MTL_FAST_MATH = YES;
				ONLY_ACTIVE_ARCH = YES;
				SDKROOT = iphoneos;
			};
			name = Debug;
		};
		773BE27126CDF65200310F52 /* Release */ = {
			isa = XCBuildConfiguration;
			buildSettings = {
				ALWAYS_SEARCH_USER_PATHS = NO;
				CLANG_ANALYZER_NONNULL = YES;
				CLANG_ANALYZER_NUMBER_OBJECT_CONVERSION = YES_AGGRESSIVE;
				CLANG_CXX_LANGUAGE_STANDARD = "gnu++14";
				CLANG_CXX_LIBRARY = "libc++";
				CLANG_ENABLE_MODULES = YES;
				CLANG_ENABLE_OBJC_ARC = YES;
				CLANG_ENABLE_OBJC_WEAK = YES;
				CLANG_WARN_BLOCK_CAPTURE_AUTORELEASING = YES;
				CLANG_WARN_BOOL_CONVERSION = YES;
				CLANG_WARN_COMMA = YES;
				CLANG_WARN_CONSTANT_CONVERSION = YES;
				CLANG_WARN_DEPRECATED_OBJC_IMPLEMENTATIONS = YES;
				CLANG_WARN_DIRECT_OBJC_ISA_USAGE = YES_ERROR;
				CLANG_WARN_DOCUMENTATION_COMMENTS = YES;
				CLANG_WARN_EMPTY_BODY = YES;
				CLANG_WARN_ENUM_CONVERSION = YES;
				CLANG_WARN_INFINITE_RECURSION = YES;
				CLANG_WARN_INT_CONVERSION = YES;
				CLANG_WARN_NON_LITERAL_NULL_CONVERSION = YES;
				CLANG_WARN_OBJC_IMPLICIT_RETAIN_SELF = YES;
				CLANG_WARN_OBJC_LITERAL_CONVERSION = YES;
				CLANG_WARN_OBJC_ROOT_CLASS = YES_ERROR;
				CLANG_WARN_QUOTED_INCLUDE_IN_FRAMEWORK_HEADER = YES;
				CLANG_WARN_RANGE_LOOP_ANALYSIS = YES;
				CLANG_WARN_STRICT_PROTOTYPES = YES;
				CLANG_WARN_SUSPICIOUS_MOVE = YES;
				CLANG_WARN_UNGUARDED_AVAILABILITY = YES_AGGRESSIVE;
				CLANG_WARN_UNREACHABLE_CODE = YES;
				CLANG_WARN__DUPLICATE_METHOD_MATCH = YES;
				COPY_PHASE_STRIP = NO;
				DEBUG_INFORMATION_FORMAT = "dwarf-with-dsym";
				ENABLE_NS_ASSERTIONS = NO;
				ENABLE_STRICT_OBJC_MSGSEND = YES;
				GCC_C_LANGUAGE_STANDARD = gnu11;
				GCC_NO_COMMON_BLOCKS = YES;
				GCC_WARN_64_TO_32_BIT_CONVERSION = YES;
				GCC_WARN_ABOUT_RETURN_TYPE = YES_ERROR;
				GCC_WARN_UNDECLARED_SELECTOR = YES;
				GCC_WARN_UNINITIALIZED_AUTOS = YES_AGGRESSIVE;
				GCC_WARN_UNUSED_FUNCTION = YES;
				GCC_WARN_UNUSED_VARIABLE = YES;
				IPHONEOS_DEPLOYMENT_TARGET = 14.5;
				MTL_ENABLE_DEBUG_INFO = NO;
				MTL_FAST_MATH = YES;
				SDKROOT = iphoneos;
				VALIDATE_PRODUCT = YES;
			};
			name = Release;
		};
		773BE27326CDF65200310F52 /* Debug */ = {
			isa = XCBuildConfiguration;
			buildSettings = {
				ASSETCATALOG_COMPILER_APPICON_NAME = AppIcon;
				ASSETCATALOG_COMPILER_GLOBAL_ACCENT_COLOR_NAME = AccentColor;
				CODE_SIGN_STYLE = Automatic;
				INFOPLIST_FILE = MutableThread/Info.plist;
				LD_RUNPATH_SEARCH_PATHS = (
					"$(inherited)",
					"@executable_path/Frameworks",
				);
				PRODUCT_BUNDLE_IDENTIFIER = "com.-Ancientear.MutableThread";
				PRODUCT_NAME = "$(TARGET_NAME)";
				TARGETED_DEVICE_FAMILY = "1,2";
			};
			name = Debug;
		};
		773BE27426CDF65200310F52 /* Release */ = {
			isa = XCBuildConfiguration;
			buildSettings = {
				ASSETCATALOG_COMPILER_APPICON_NAME = AppIcon;
				ASSETCATALOG_COMPILER_GLOBAL_ACCENT_COLOR_NAME = AccentColor;
				CODE_SIGN_STYLE = Automatic;
				INFOPLIST_FILE = MutableThread/Info.plist;
				LD_RUNPATH_SEARCH_PATHS = (
					"$(inherited)",
					"@executable_path/Frameworks",
				);
				PRODUCT_BUNDLE_IDENTIFIER = "com.-Ancientear.MutableThread";
				PRODUCT_NAME = "$(TARGET_NAME)";
				TARGETED_DEVICE_FAMILY = "1,2";
			};
			name = Release;
		};
/* End XCBuildConfiguration section */

/* Begin XCConfigurationList section */
		773BE25426CDF64F00310F52 /* Build configuration list for PBXProject "MutableThread" */ = {
			isa = XCConfigurationList;
			buildConfigurations = (
				773BE27026CDF65200310F52 /* Debug */,
				773BE27126CDF65200310F52 /* Release */,
			);
			defaultConfigurationIsVisible = 0;
			defaultConfigurationName = Release;
		};
		773BE27226CDF65200310F52 /* Build configuration list for PBXNativeTarget "MutableThread" */ = {
			isa = XCConfigurationList;
			buildConfigurations = (
				773BE27326CDF65200310F52 /* Debug */,
				773BE27426CDF65200310F52 /* Release */,
			);
			defaultConfigurationIsVisible = 0;
			defaultConfigurationName = Release;
		};
/* End XCConfigurationList section */
	};
	rootObject = 773BE25126CDF64F00310F52 /* Project object */;
}
